
Microsoft Visual Studio Solution File, Format Version 12.00
# Visual Studio Version 17
VisualStudioVersion = 17.13.35919.96
MinimumVisualStudioVersion = 10.0.40219.1
Project("{FAE04EC0-301F-11D3-BF4B-00C04F79EFBC}") = "GerenciadorTarefas.API", "GerenciadorTarefas.API\GerenciadorTarefas.API.csproj", "{431D42CF-B844-4696-8DC2-E35D19054618}"
EndProject
Project("{FAE04EC0-301F-11D3-BF4B-00C04F79EFBC}") = "GerenciadorTarefas.Communication", "GerenciadorTarefas.Communication\GerenciadorTarefas.Communication.csproj", "{4C8E387A-E3A5-4308-93D1-D7B9489F11B7}"
EndProject
Project("{FAE04EC0-301F-11D3-BF4B-00C04F79EFBC}") = "GerenciadorTarefas.Application", "GerenciadorTarefas.Application\GerenciadorTarefas.Application.csproj", "{8C829310-4C87-4A93-9C61-8133712CFEAF}"
EndProject
Global
	GlobalSection(SolutionConfigurationPlatforms) = preSolution
		Debug|Any CPU = Debug|Any CPU
		Release|Any CPU = Release|Any CPU
	EndGlobalSection
	GlobalSection(ProjectConfigurationPlatforms) = postSolution
		{431D42CF-B844-4696-8DC2-E35D19054618}.Debug|Any CPU.ActiveCfg = Debug|Any CPU
		{431D42CF-B844-4696-8DC2-E35D19054618}.Debug|Any CPU.Build.0 = Debug|Any CPU
		{431D42CF-B844-4696-8DC2-E35D19054618}.Release|Any CPU.ActiveCfg = Release|Any CPU
		{431D42CF-B844-4696-8DC2-E35D19054618}.Release|Any CPU.Build.0 = Release|Any CPU
		{4C8E387A-E3A5-4308-93D1-D7B9489F11B7}.Debug|Any CPU.ActiveCfg = Debug|Any CPU
		{4C8E387A-E3A5-4308-93D1-D7B9489F11B7}.Debug|Any CPU.Build.0 = Debug|Any CPU
		{4C8E387A-E3A5-4308-93D1-D7B9489F11B7}.Release|Any CPU.ActiveCfg = Release|Any CPU
		{4C8E387A-E3A5-4308-93D1-D7B9489F11B7}.Release|Any CPU.Build.0 = Release|Any CPU
		{8C829310-4C87-4A93-9C61-8133712CFEAF}.Debug|Any CPU.ActiveCfg = Debug|Any CPU
		{8C829310-4C87-4A93-9C61-8133712CFEAF}.Debug|Any CPU.Build.0 = Debug|Any CPU
		{8C829310-4C87-4A93-9C61-8133712CFEAF}.Release|Any CPU.ActiveCfg = Release|Any CPU
		{8C829310-4C87-4A93-9C61-8133712CFEAF}.Release|Any CPU.Build.0 = Release|Any CPU
	EndGlobalSection
	GlobalSection(SolutionProperties) = preSolution
		HideSolutionNode = FALSE
	EndGlobalSection
	GlobalSection(ExtensibilityGlobals) = postSolution
		SolutionGuid = {C005FA21-35A4-4274-8F69-106894D74901}
	EndGlobalSection
EndGlobal
